
Microsoft Visual Studio Solution File, Format Version 12.00
# Visual Studio Version 16
VisualStudioVersion = 16.0.31025.194
MinimumVisualStudioVersion = 10.0.40219.1
Project("{FAE04EC0-301F-11D3-BF4B-00C04F79EFBC}") = "FoosballGameTracker", "FoosballGameTracker\FoosballGameTracker.csproj", "{D5AC47CE-93B7-42F9-9ECA-D3D8D72C9762}"
EndProject
Project("{FAE04EC0-301F-11D3-BF4B-00C04F79EFBC}") = "FoosballGameServices", "FoosballGameServices\FoosballGameServices.csproj", "{FD2C63B6-629A-4807-BC07-3020020601A7}"
EndProject
Global
	GlobalSection(SolutionConfigurationPlatforms) = preSolution
		Debug|Any CPU = Debug|Any CPU
		Release|Any CPU = Release|Any CPU
	EndGlobalSection
	GlobalSection(ProjectConfigurationPlatforms) = postSolution
		{D5AC47CE-93B7-42F9-9ECA-D3D8D72C9762}.Debug|Any CPU.ActiveCfg = Debug|Any CPU
		{D5AC47CE-93B7-42F9-9ECA-D3D8D72C9762}.Debug|Any CPU.Build.0 = Debug|Any CPU
		{D5AC47CE-93B7-42F9-9ECA-D3D8D72C9762}.Release|Any CPU.ActiveCfg = Release|Any CPU
		{D5AC47CE-93B7-42F9-9ECA-D3D8D72C9762}.Release|Any CPU.Build.0 = Release|Any CPU
		{FD2C63B6-629A-4807-BC07-3020020601A7}.Debug|Any CPU.ActiveCfg = Debug|Any CPU
		{FD2C63B6-629A-4807-BC07-3020020601A7}.Debug|Any CPU.Build.0 = Debug|Any CPU
		{FD2C63B6-629A-4807-BC07-3020020601A7}.Release|Any CPU.ActiveCfg = Release|Any CPU
		{FD2C63B6-629A-4807-BC07-3020020601A7}.Release|Any CPU.Build.0 = Release|Any CPU
	EndGlobalSection
	GlobalSection(SolutionProperties) = preSolution
		HideSolutionNode = FALSE
	EndGlobalSection
	GlobalSection(ExtensibilityGlobals) = postSolution
		SolutionGuid = {CD5BDBEC-4BB9-4E48-AD1A-8FB66168A048}
	EndGlobalSection
EndGlobal
